
Microsoft Visual Studio Solution File, Format Version 10.00
# Visual Studio 2008
Project("{FAE04EC0-301F-11D3-BF4B-00C04F79EFBC}") = "AutoTune", "AutoTune\AutoTune.csproj", "{8B588628-EC28-4943-8B47-C0133BF22BBD}"
EndProject
Global
	GlobalSection(SolutionConfigurationPlatforms) = preSolution
		Debug|Any CPU = Debug|Any CPU
		Release|Any CPU = Release|Any CPU
	EndGlobalSection
	GlobalSection(ProjectConfigurationPlatforms) = postSolution
		{8B588628-EC28-4943-8B47-C0133BF22BBD}.Debug|Any CPU.ActiveCfg = Debug|Any CPU
		{8B588628-EC28-4943-8B47-C0133BF22BBD}.Debug|Any CPU.Build.0 = Debug|Any CPU
		{8B588628-EC28-4943-8B47-C0133BF22BBD}.Release|Any CPU.ActiveCfg = Release|Any CPU
		{8B588628-EC28-4943-8B47-C0133BF22BBD}.Release|Any CPU.Build.0 = Release|Any CPU
	EndGlobalSection
	GlobalSection(SolutionProperties) = preSolution
		HideSolutionNode = FALSE
	EndGlobalSection
EndGlobal
